
Microsoft Visual Studio Solution File, Format Version 12.00
# Visual Studio Version 17
VisualStudioVersion = 17.11.35312.102
MinimumVisualStudioVersion = 10.0.40219.1
Project("{FAE04EC0-301F-11D3-BF4B-00C04F79EFBC}") = "nideriji_export", "nideriji_export\nideriji_export.csproj", "{8F66DCED-1D34-482D-B7B7-391A8B56C2A2}"
EndProject
Global
	GlobalSection(SolutionConfigurationPlatforms) = preSolution
		Debug|Any CPU = Debug|Any CPU
		Release|Any CPU = Release|Any CPU
	EndGlobalSection
	GlobalSection(ProjectConfigurationPlatforms) = postSolution
		{8F66DCED-1D34-482D-B7B7-391A8B56C2A2}.Debug|Any CPU.ActiveCfg = Debug|Any CPU
		{8F66DCED-1D34-482D-B7B7-391A8B56C2A2}.Debug|Any CPU.Build.0 = Debug|Any CPU
		{8F66DCED-1D34-482D-B7B7-391A8B56C2A2}.Release|Any CPU.ActiveCfg = Release|Any CPU
		{8F66DCED-1D34-482D-B7B7-391A8B56C2A2}.Release|Any CPU.Build.0 = Release|Any CPU
	EndGlobalSection
	GlobalSection(SolutionProperties) = preSolution
		HideSolutionNode = FALSE
	EndGlobalSection
	GlobalSection(ExtensibilityGlobals) = postSolution
		SolutionGuid = {508ADFA7-636A-46C2-A07E-2407DB2FD419}
	EndGlobalSection
EndGlobal
